// !$*UTF8*$!
{
	archiveVersion = 1;
	classes = {
	};
	objectVersion = 46;
	objects = {

/* Begin PBXBuildFile section */
		FF28E8DE1810358D00CE495D /* UIKit.framework in Frameworks */ = {isa = PBXBuildFile; fileRef = FF28E8DD1810358D00CE495D /* UIKit.framework */; };
		FF28E8E01810358D00CE495D /* Foundation.framework in Frameworks */ = {isa = PBXBuildFile; fileRef = FF28E8DF1810358D00CE495D /* Foundation.framework */; };
		FF28E8E21810358D00CE495D /* CoreGraphics.framework in Frameworks */ = {isa = PBXBuildFile; fileRef = FF28E8E11810358D00CE495D /* CoreGraphics.framework */; };
		FF28E8E81810358D00CE495D /* InfoPlist.strings in Resources */ = {isa = PBXBuildFile; fileRef = FF28E8E61810358D00CE495D /* InfoPlist.strings */; };
		FF28E8EA1810358D00CE495D /* main.m in Sources */ = {isa = PBXBuildFile; fileRef = FF28E8E91810358D00CE495D /* main.m */; };
		FF28E8EE1810358D00CE495D /* AppDelegate.m in Sources */ = {isa = PBXBuildFile; fileRef = FF28E8ED1810358D00CE495D /* AppDelegate.m */; };
		FF28E8F01810358D00CE495D /* Default.png in Resources */ = {isa = PBXBuildFile; fileRef = FF28E8EF1810358D00CE495D /* Default.png */; };
		FF28E8F21810358D00CE495D /* Default@2x.png in Resources */ = {isa = PBXBuildFile; fileRef = FF28E8F11810358D00CE495D /* Default@2x.png */; };
		FF28E8F41810358D00CE495D /* Default-568h@2x.png in Resources */ = {isa = PBXBuildFile; fileRef = FF28E8F31810358D00CE495D /* Default-568h@2x.png */; };
		FF28E8F71810358D00CE495D /* MainStoryboard.storyboard in Resources */ = {isa = PBXBuildFile; fileRef = FF28E8F51810358D00CE495D /* MainStoryboard.storyboard */; };
		FF28E8FA1810358D00CE495D /* FirstViewController.m in Sources */ = {isa = PBXBuildFile; fileRef = FF28E8F91810358D00CE495D /* FirstViewController.m */; };
		FF28E8FC1810358D00CE495D /* first.png in Resources */ = {isa = PBXBuildFile; fileRef = FF28E8FB1810358D00CE495D /* first.png */; };
		FF28E8FE1810358D00CE495D /* first@2x.png in Resources */ = {isa = PBXBuildFile; fileRef = FF28E8FD1810358D00CE495D /* first@2x.png */; };
		FF28E9011810358D00CE495D /* SecondViewController.m in Sources */ = {isa = PBXBuildFile; fileRef = FF28E9001810358D00CE495D /* SecondViewController.m */; };
		FF28E9031810358D00CE495D /* second.png in Resources */ = {isa = PBXBuildFile; fileRef = FF28E9021810358D00CE495D /* second.png */; };
		FF28E9051810358D00CE495D /* second@2x.png in Resources */ = {isa = PBXBuildFile; fileRef = FF28E9041810358D00CE495D /* second@2x.png */; };
		FF28E91718103AFE00CE495D /* 07-map-marker.png in Resources */ = {isa = PBXBuildFile; fileRef = FF28E91318103AFE00CE495D /* 07-map-marker.png */; };
		FF28E91818103AFE00CE495D /* 18-envelope.png in Resources */ = {isa = PBXBuildFile; fileRef = FF28E91418103AFE00CE495D /* 18-envelope.png */; };
		FF28E91918103AFE00CE495D /* 28-star.png in Resources */ = {isa = PBXBuildFile; fileRef = FF28E91518103AFE00CE495D /* 28-star.png */; };
		FF28E91A18103AFE00CE495D /* boulderflatirons.png in Resources */ = {isa = PBXBuildFile; fileRef = FF28E91618103AFE00CE495D /* boulderflatirons.png */; };
		FF28E91D1810465E00CE495D /* WebViewController.m in Sources */ = {isa = PBXBuildFile; fileRef = FF28E91C1810465E00CE495D /* WebViewController.m */; };
/* End PBXBuildFile section */

/* Begin PBXFileReference section */
		FF28E8DA1810358D00CE495D /* BoulderUU.app */ = {isa = PBXFileReference; explicitFileType = wrapper.application; includeInIndex = 0; path = BoulderUU.app; sourceTree = BUILT_PRODUCTS_DIR; };
		FF28E8DD1810358D00CE495D /* UIKit.framework */ = {isa = PBXFileReference; lastKnownFileType = wrapper.framework; name = UIKit.framework; path = System/Library/Frameworks/UIKit.framework; sourceTree = SDKROOT; };
		FF28E8DF1810358D00CE495D /* Foundation.framework */ = {isa = PBXFileReference; lastKnownFileType = wrapper.framework; name = Foundation.framework; path = System/Library/Frameworks/Foundation.framework; sourceTree = SDKROOT; };
		FF28E8E11810358D00CE495D /* CoreGraphics.framework */ = {isa = PBXFileReference; lastKnownFileType = wrapper.framework; name = CoreGraphics.framework; path = System/Library/Frameworks/CoreGraphics.framework; sourceTree = SDKROOT; };
		FF28E8E51810358D00CE495D /* BoulderUU-Info.plist */ = {isa = PBXFileReference; lastKnownFileType = text.plist.xml; path = "BoulderUU-Info.plist"; sourceTree = "<group>"; };
		FF28E8E71810358D00CE495D /* en */ = {isa = PBXFileReference; lastKnownFileType = text.plist.strings; name = en; path = en.lproj/InfoPlist.strings; sourceTree = "<group>"; };
		FF28E8E91810358D00CE495D /* main.m */ = {isa = PBXFileReference; lastKnownFileType = sourcecode.c.objc; path = main.m; sourceTree = "<group>"; };
		FF28E8EB1810358D00CE495D /* BoulderUU-Prefix.pch */ = {isa = PBXFileReference; lastKnownFileType = sourcecode.c.h; path = "BoulderUU-Prefix.pch"; sourceTree = "<group>"; };
		FF28E8EC1810358D00CE495D /* AppDelegate.h */ = {isa = PBXFileReference; lastKnownFileType = sourcecode.c.h; path = AppDelegate.h; sourceTree = "<group>"; };
		FF28E8ED1810358D00CE495D /* AppDelegate.m */ = {isa = PBXFileReference; lastKnownFileType = sourcecode.c.objc; path = AppDelegate.m; sourceTree = "<group>"; };
		FF28E8EF1810358D00CE495D /* Default.png */ = {isa = PBXFileReference; lastKnownFileType = image.png; path = Default.png; sourceTree = "<group>"; };
		FF28E8F11810358D00CE495D /* Default@2x.png */ = {isa = PBXFileReference; lastKnownFileType = image.png; path = "Default@2x.png"; sourceTree = "<group>"; };
		FF28E8F31810358D00CE495D /* Default-568h@2x.png */ = {isa = PBXFileReference; lastKnownFileType = image.png; path = "Default-568h@2x.png"; sourceTree = "<group>"; };
		FF28E8F61810358D00CE495D /* en */ = {isa = PBXFileReference; lastKnownFileType = file.storyboard; name = en; path = en.lproj/MainStoryboard.storyboard; sourceTree = "<group>"; };
		FF28E8F81810358D00CE495D /* FirstViewController.h */ = {isa = PBXFileReference; lastKnownFileType = sourcecode.c.h; path = FirstViewController.h; sourceTree = "<group>"; };
		FF28E8F91810358D00CE495D /* FirstViewController.m */ = {isa = PBXFileReference; lastKnownFileType = sourcecode.c.objc; path = FirstViewController.m; sourceTree = "<group>"; };
		FF28E8FB1810358D00CE495D /* first.png */ = {isa = PBXFileReference; lastKnownFileType = image.png; path = first.png; sourceTree = "<group>"; };
		FF28E8FD1810358D00CE495D /* first@2x.png */ = {isa = PBXFileReference; lastKnownFileType = image.png; path = "first@2x.png"; sourceTree = "<group>"; };
		FF28E8FF1810358D00CE495D /* SecondViewController.h */ = {isa = PBXFileReference; lastKnownFileType = sourcecode.c.h; path = SecondViewController.h; sourceTree = "<group>"; };
		FF28E9001810358D00CE495D /* SecondViewController.m */ = {isa = PBXFileReference; lastKnownFileType = sourcecode.c.objc; path = SecondViewController.m; sourceTree = "<group>"; };
		FF28E9021810358D00CE495D /* second.png */ = {isa = PBXFileReference; lastKnownFileType = image.png; path = second.png; sourceTree = "<group>"; };
		FF28E9041810358D00CE495D /* second@2x.png */ = {isa = PBXFileReference; lastKnownFileType = image.png; path = "second@2x.png"; sourceTree = "<group>"; };
		FF28E91318103AFE00CE495D /* 07-map-marker.png */ = {isa = PBXFileReference; lastKnownFileType = image.png; name = "07-map-marker.png"; path = "../07-map-marker.png"; sourceTree = "<group>"; };
		FF28E91418103AFE00CE495D /* 18-envelope.png */ = {isa = PBXFileReference; lastKnownFileType = image.png; name = "18-envelope.png"; path = "../18-envelope.png"; sourceTree = "<group>"; };
		FF28E91518103AFE00CE495D /* 28-star.png */ = {isa = PBXFileReference; lastKnownFileType = image.png; name = "28-star.png"; path = "../28-star.png"; sourceTree = "<group>"; };
		FF28E91618103AFE00CE495D /* boulderflatirons.png */ = {isa = PBXFileReference; lastKnownFileType = image.png; name = boulderflatirons.png; path = ../boulderflatirons.png; sourceTree = "<group>"; };
		FF28E91B1810465E00CE495D /* WebViewController.h */ = {isa = PBXFileReference; fileEncoding = 4; lastKnownFileType = sourcecode.c.h; path = WebViewController.h; sourceTree = "<group>"; };
		FF28E91C1810465E00CE495D /* WebViewController.m */ = {isa = PBXFileReference; fileEncoding = 4; lastKnownFileType = sourcecode.c.objc; path = WebViewController.m; sourceTree = "<group>"; };
/* End PBXFileReference section */

/* Begin PBXFrameworksBuildPhase section */
		FF28E8D71810358D00CE495D /* Frameworks */ = {
			isa = PBXFrameworksBuildPhase;
			buildActionMask = 2147483647;
			files = (
				FF28E8DE1810358D00CE495D /* UIKit.framework in Frameworks */,
				FF28E8E01810358D00CE495D /* Foundation.framework in Frameworks */,
				FF28E8E21810358D00CE495D /* CoreGraphics.framework in Frameworks */,
			);
			runOnlyForDeploymentPostprocessing = 0;
		};
/* End PBXFrameworksBuildPhase section */

/* Begin PBXGroup section */
		FF28E8D11810358D00CE495D = {
			isa = PBXGroup;
			children = (
				FF28E8E31810358D00CE495D /* BoulderUU */,
				FF28E8DC1810358D00CE495D /* Frameworks */,
				FF28E8DB1810358D00CE495D /* Products */,
			);
			sourceTree = "<group>";
		};
		FF28E8DB1810358D00CE495D /* Products */ = {
			isa = PBXGroup;
			children = (
				FF28E8DA1810358D00CE495D /* BoulderUU.app */,
			);
			name = Products;
			sourceTree = "<group>";
		};
		FF28E8DC1810358D00CE495D /* Frameworks */ = {
			isa = PBXGroup;
			children = (
				FF28E8DD1810358D00CE495D /* UIKit.framework */,
				FF28E8DF1810358D00CE495D /* Foundation.framework */,
				FF28E8E11810358D00CE495D /* CoreGraphics.framework */,
			);
			name = Frameworks;
			sourceTree = "<group>";
		};
		FF28E8E31810358D00CE495D /* BoulderUU */ = {
			isa = PBXGroup;
			children = (
				FF28E8EC1810358D00CE495D /* AppDelegate.h */,
				FF28E8ED1810358D00CE495D /* AppDelegate.m */,
				FF28E8F51810358D00CE495D /* MainStoryboard.storyboard */,
				FF28E91B1810465E00CE495D /* WebViewController.h */,
				FF28E91C1810465E00CE495D /* WebViewController.m */,
				FF28E8F81810358D00CE495D /* FirstViewController.h */,
				FF28E8F91810358D00CE495D /* FirstViewController.m */,
				FF28E8FF1810358D00CE495D /* SecondViewController.h */,
				FF28E9001810358D00CE495D /* SecondViewController.m */,
				FF28E8E41810358D00CE495D /* Supporting Files */,
			);
			path = BoulderUU;
			sourceTree = "<group>";
		};
		FF28E8E41810358D00CE495D /* Supporting Files */ = {
			isa = PBXGroup;
			children = (
				FF28E91318103AFE00CE495D /* 07-map-marker.png */,
				FF28E91418103AFE00CE495D /* 18-envelope.png */,
				FF28E91518103AFE00CE495D /* 28-star.png */,
				FF28E91618103AFE00CE495D /* boulderflatirons.png */,
				FF28E8FD1810358D00CE495D /* first@2x.png */,
				FF28E8FB1810358D00CE495D /* first.png */,
				FF28E9041810358D00CE495D /* second@2x.png */,
				FF28E9021810358D00CE495D /* second.png */,
				FF28E8E51810358D00CE495D /* BoulderUU-Info.plist */,
				FF28E8E61810358D00CE495D /* InfoPlist.strings */,
				FF28E8E91810358D00CE495D /* main.m */,
				FF28E8EB1810358D00CE495D /* BoulderUU-Prefix.pch */,
				FF28E8EF1810358D00CE495D /* Default.png */,
				FF28E8F11810358D00CE495D /* Default@2x.png */,
				FF28E8F31810358D00CE495D /* Default-568h@2x.png */,
			);
			name = "Supporting Files";
			sourceTree = "<group>";
		};
/* End PBXGroup section */

/* Begin PBXNativeTarget section */
		FF28E8D91810358D00CE495D /* BoulderUU */ = {
			isa = PBXNativeTarget;
			buildConfigurationList = FF28E9081810358D00CE495D /* Build configuration list for PBXNativeTarget "BoulderUU" */;
			buildPhases = (
				FF28E8D61810358D00CE495D /* Sources */,
				FF28E8D71810358D00CE495D /* Frameworks */,
				FF28E8D81810358D00CE495D /* Resources */,
			);
			buildRules = (
			);
			dependencies = (
			);
			name = BoulderUU;
			productName = BoulderUU;
			productReference = FF28E8DA1810358D00CE495D /* BoulderUU.app */;
			productType = "com.apple.product-type.application";
		};
/* End PBXNativeTarget section */

/* Begin PBXProject section */
		FF28E8D21810358D00CE495D /* Project object */ = {
			isa = PBXProject;
			attributes = {
				LastUpgradeCheck = 0460;
				ORGANIZATIONNAME = "Neil Dimuccio";
			};
			buildConfigurationList = FF28E8D51810358D00CE495D /* Build configuration list for PBXProject "BoulderUU" */;
			compatibilityVersion = "Xcode 3.2";
			developmentRegion = English;
			hasScannedForEncodings = 0;
			knownRegions = (
				en,
			);
			mainGroup = FF28E8D11810358D00CE495D;
			productRefGroup = FF28E8DB1810358D00CE495D /* Products */;
			projectDirPath = "";
			projectRoot = "";
			targets = (
				FF28E8D91810358D00CE495D /* BoulderUU */,
			);
		};
/* End PBXProject section */

/* Begin PBXResourcesBuildPhase section */
		FF28E8D81810358D00CE495D /* Resources */ = {
			isa = PBXResourcesBuildPhase;
			buildActionMask = 2147483647;
			files = (
				FF28E8E81810358D00CE495D /* InfoPlist.strings in Resources */,
				FF28E8F01810358D00CE495D /* Default.png in Resources */,
				FF28E8F21810358D00CE495D /* Default@2x.png in Resources */,
				FF28E8F41810358D00CE495D /* Default-568h@2x.png in Resources */,
				FF28E8F71810358D00CE495D /* MainStoryboard.storyboard in Resources */,
				FF28E8FC1810358D00CE495D /* first.png in Resources */,
				FF28E8FE1810358D00CE495D /* first@2x.png in Resources */,
				FF28E9031810358D00CE495D /* second.png in Resources */,
				FF28E9051810358D00CE495D /* second@2x.png in Resources */,
				FF28E91718103AFE00CE495D /* 07-map-marker.png in Resources */,
				FF28E91818103AFE00CE495D /* 18-envelope.png in Resources */,
				FF28E91918103AFE00CE495D /* 28-star.png in Resources */,
				FF28E91A18103AFE00CE495D /* boulderflatirons.png in Resources */,
			);
			runOnlyForDeploymentPostprocessing = 0;
		};
/* End PBXResourcesBuildPhase section */

/* Begin PBXSourcesBuildPhase section */
		FF28E8D61810358D00CE495D /* Sources */ = {
			isa = PBXSourcesBuildPhase;
			buildActionMask = 2147483647;
			files = (
				FF28E8EA1810358D00CE495D /* main.m in Sources */,
				FF28E8EE1810358D00CE495D /* AppDelegate.m in Sources */,
				FF28E8FA1810358D00CE495D /* FirstViewController.m in Sources */,
				FF28E9011810358D00CE495D /* SecondViewController.m in Sources */,
				FF28E91D1810465E00CE495D /* WebViewController.m in Sources */,
			);
			runOnlyForDeploymentPostprocessing = 0;
		};
/* End PBXSourcesBuildPhase section */

/* Begin PBXVariantGroup section */
		FF28E8E61810358D00CE495D /* InfoPlist.strings */ = {
			isa = PBXVariantGroup;
			children = (
				FF28E8E71810358D00CE495D /* en */,
			);
			name = InfoPlist.strings;
			sourceTree = "<group>";
		};
		FF28E8F51810358D00CE495D /* MainStoryboard.storyboard */ = {
			isa = PBXVariantGroup;
			children = (
				FF28E8F61810358D00CE495D /* en */,
			);
			name = MainStoryboard.storyboard;
			sourceTree = "<group>";
		};
/* End PBXVariantGroup section */

/* Begin XCBuildConfiguration section */
		FF28E9061810358D00CE495D /* Debug */ = {
			isa = XCBuildConfiguration;
			buildSettings = {
				ALWAYS_SEARCH_USER_PATHS = NO;
				CLANG_CXX_LANGUAGE_STANDARD = "gnu++0x";
				CLANG_CXX_LIBRARY = "libc++";
				CLANG_ENABLE_OBJC_ARC = YES;
				CLANG_WARN_CONSTANT_CONVERSION = YES;
				CLANG_WARN_EMPTY_BODY = YES;
				CLANG_WARN_ENUM_CONVERSION = YES;
				CLANG_WARN_INT_CONVERSION = YES;
				CLANG_WARN__DUPLICATE_METHOD_MATCH = YES;
				"CODE_SIGN_IDENTITY[sdk=iphoneos*]" = "iPhone Developer";
				COPY_PHASE_STRIP = NO;
				GCC_C_LANGUAGE_STANDARD = gnu99;
				GCC_DYNAMIC_NO_PIC = NO;
				GCC_OPTIMIZATION_LEVEL = 0;
				GCC_PREPROCESSOR_DEFINITIONS = (
					"DEBUG=1",
					"$(inherited)",
				);
				GCC_SYMBOLS_PRIVATE_EXTERN = NO;
				GCC_WARN_ABOUT_RETURN_TYPE = YES;
				GCC_WARN_UNINITIALIZED_AUTOS = YES;
				GCC_WARN_UNUSED_VARIABLE = YES;
				IPHONEOS_DEPLOYMENT_TARGET = 6.1;
				ONLY_ACTIVE_ARCH = YES;
				SDKROOT = iphoneos;
				TARGETED_DEVICE_FAMILY = 2;
			};
			name = Debug;
		};
		FF28E9071810358D00CE495D /* Release */ = {
			isa = XCBuildConfiguration;
			buildSettings = {
				ALWAYS_SEARCH_USER_PATHS = NO;
				CLANG_CXX_LANGUAGE_STANDARD = "gnu++0x";
				CLANG_CXX_LIBRARY = "libc++";
				CLANG_ENABLE_OBJC_ARC = YES;
				CLANG_WARN_CONSTANT_CONVERSION = YES;
				CLANG_WARN_EMPTY_BODY = YES;
				CLANG_WARN_ENUM_CONVERSION = YES;
				CLANG_WARN_INT_CONVERSION = YES;
				CLANG_WARN__DUPLICATE_METHOD_MATCH = YES;
				"CODE_SIGN_IDENTITY[sdk=iphoneos*]" = "iPhone Developer";
				COPY_PHASE_STRIP = YES;
				GCC_C_LANGUAGE_STANDARD = gnu99;
				GCC_WARN_ABOUT_RETURN_TYPE = YES;
				GCC_WARN_UNINITIALIZED_AUTOS = YES;
				GCC_WARN_UNUSED_VARIABLE = YES;
				IPHONEOS_DEPLOYMENT_TARGET = 6.1;
				OTHER_CFLAGS = "-DNS_BLOCK_ASSERTIONS=1";
				SDKROOT = iphoneos;
				TARGETED_DEVICE_FAMILY = 2;
				VALIDATE_PRODUCT = YES;
			};
			name = Release;
		};
		FF28E9091810358D00CE495D /* Debug */ = {
			isa = XCBuildConfiguration;
			buildSettings = {
				GCC_PRECOMPILE_PREFIX_HEADER = YES;
				GCC_PREFIX_HEADER = "BoulderUU/BoulderUU-Prefix.pch";
				INFOPLIST_FILE = "BoulderUU/BoulderUU-Info.plist";
				PRODUCT_NAME = "$(TARGET_NAME)";
				WRAPPER_EXTENSION = app;
			};
			name = Debug;
		};
		FF28E90A1810358D00CE495D /* Release */ = {
			isa = XCBuildConfiguration;
			buildSettings = {
				GCC_PRECOMPILE_PREFIX_HEADER = YES;
				GCC_PREFIX_HEADER = "BoulderUU/BoulderUU-Prefix.pch";
				INFOPLIST_FILE = "BoulderUU/BoulderUU-Info.plist";
				PRODUCT_NAME = "$(TARGET_NAME)";
				WRAPPER_EXTENSION = app;
			};
			name = Release;
		};
/* End XCBuildConfiguration section */

/* Begin XCConfigurationList section */
		FF28E8D51810358D00CE495D /* Build configuration list for PBXProject "BoulderUU" */ = {
			isa = XCConfigurationList;
			buildConfigurations = (
				FF28E9061810358D00CE495D /* Debug */,
				FF28E9071810358D00CE495D /* Release */,
			);
			defaultConfigurationIsVisible = 0;
			defaultConfigurationName = Release;
		};
		FF28E9081810358D00CE495D /* Build configuration list for PBXNativeTarget "BoulderUU" */ = {
			isa = XCConfigurationList;
			buildConfigurations = (
				FF28E9091810358D00CE495D /* Debug */,
				FF28E90A1810358D00CE495D /* Release */,
			);
			defaultConfigurationIsVisible = 0;
		};
/* End XCConfigurationList section */
	};
	rootObject = FF28E8D21810358D00CE495D /* Project object */;
}
